
Microsoft Visual Studio Solution File, Format Version 12.00
# Visual Studio 15
VisualStudioVersion = 15.0.26730.15
MinimumVisualStudioVersion = 10.0.40219.1
Project("{FAE04EC0-301F-11D3-BF4B-00C04F79EFBC}") = "ide_compiler", "ide_compiler.csproj", "{EA8D3801-FE5E-45B0-89CE-C801A0F4ED34}"
EndProject
Global
	GlobalSection(SolutionConfigurationPlatforms) = preSolution
		Debug|Any CPU = Debug|Any CPU
		Release|Any CPU = Release|Any CPU
	EndGlobalSection
	GlobalSection(ProjectConfigurationPlatforms) = postSolution
		{EA8D3801-FE5E-45B0-89CE-C801A0F4ED34}.Debug|Any CPU.ActiveCfg = Debug|Any CPU
		{EA8D3801-FE5E-45B0-89CE-C801A0F4ED34}.Debug|Any CPU.Build.0 = Debug|Any CPU
		{EA8D3801-FE5E-45B0-89CE-C801A0F4ED34}.Release|Any CPU.ActiveCfg = Release|Any CPU
		{EA8D3801-FE5E-45B0-89CE-C801A0F4ED34}.Release|Any CPU.Build.0 = Release|Any CPU
	EndGlobalSection
	GlobalSection(SolutionProperties) = preSolution
		HideSolutionNode = FALSE
	EndGlobalSection
	GlobalSection(ExtensibilityGlobals) = postSolution
		SolutionGuid = {759201B6-023C-4C68-BC20-FBFD4DBF597D}
	EndGlobalSection
EndGlobal
